
Microsoft Visual Studio Solution File, Format Version 12.00
# Visual Studio 15
VisualStudioVersion = 15.0.28010.2016
MinimumVisualStudioVersion = 10.0.40219.1
Project("{FAE04EC0-301F-11D3-BF4B-00C04F79EFBC}") = "InteropTest", "InteropTest\InteropTest.csproj", "{EBD2110D-3329-4A2C-9834-E8898A11733D}"
EndProject
Project("{8BC9CEB8-8B4A-11D0-8D11-00A0C91BC942}") = "VersionNumber", "VersionNumber\VersionNumber.vcxproj", "{1A4549D3-05DB-4872-8BE6-A7F0DE9B204E}"
EndProject
Global
	GlobalSection(SolutionConfigurationPlatforms) = preSolution
		Debug|Any CPU = Debug|Any CPU
		Debug|x64 = Debug|x64
		Debug|x86 = Debug|x86
		Release|Any CPU = Release|Any CPU
		Release|x64 = Release|x64
		Release|x86 = Release|x86
	EndGlobalSection
	GlobalSection(ProjectConfigurationPlatforms) = postSolution
		{EBD2110D-3329-4A2C-9834-E8898A11733D}.Debug|Any CPU.ActiveCfg = Debug|Any CPU
		{EBD2110D-3329-4A2C-9834-E8898A11733D}.Debug|Any CPU.Build.0 = Debug|Any CPU
		{EBD2110D-3329-4A2C-9834-E8898A11733D}.Debug|x64.ActiveCfg = Debug|x64
		{EBD2110D-3329-4A2C-9834-E8898A11733D}.Debug|x64.Build.0 = Debug|x64
		{EBD2110D-3329-4A2C-9834-E8898A11733D}.Debug|x86.ActiveCfg = Debug|x86
		{EBD2110D-3329-4A2C-9834-E8898A11733D}.Debug|x86.Build.0 = Debug|x86
		{EBD2110D-3329-4A2C-9834-E8898A11733D}.Release|Any CPU.ActiveCfg = Release|Any CPU
		{EBD2110D-3329-4A2C-9834-E8898A11733D}.Release|Any CPU.Build.0 = Release|Any CPU
		{EBD2110D-3329-4A2C-9834-E8898A11733D}.Release|x64.ActiveCfg = Release|x64
		{EBD2110D-3329-4A2C-9834-E8898A11733D}.Release|x64.Build.0 = Release|x64
		{EBD2110D-3329-4A2C-9834-E8898A11733D}.Release|x86.ActiveCfg = Release|x86
		{EBD2110D-3329-4A2C-9834-E8898A11733D}.Release|x86.Build.0 = Release|x86
		{1A4549D3-05DB-4872-8BE6-A7F0DE9B204E}.Debug|Any CPU.ActiveCfg = Debug|Win32
		{1A4549D3-05DB-4872-8BE6-A7F0DE9B204E}.Debug|x64.ActiveCfg = Debug|x64
		{1A4549D3-05DB-4872-8BE6-A7F0DE9B204E}.Debug|x64.Build.0 = Debug|x64
		{1A4549D3-05DB-4872-8BE6-A7F0DE9B204E}.Debug|x86.ActiveCfg = Debug|Win32
		{1A4549D3-05DB-4872-8BE6-A7F0DE9B204E}.Debug|x86.Build.0 = Debug|Win32
		{1A4549D3-05DB-4872-8BE6-A7F0DE9B204E}.Release|Any CPU.ActiveCfg = Release|Win32
		{1A4549D3-05DB-4872-8BE6-A7F0DE9B204E}.Release|x64.ActiveCfg = Release|x64
		{1A4549D3-05DB-4872-8BE6-A7F0DE9B204E}.Release|x64.Build.0 = Release|x64
		{1A4549D3-05DB-4872-8BE6-A7F0DE9B204E}.Release|x86.ActiveCfg = Release|Win32
		{1A4549D3-05DB-4872-8BE6-A7F0DE9B204E}.Release|x86.Build.0 = Release|Win32
	EndGlobalSection
	GlobalSection(SolutionProperties) = preSolution
		HideSolutionNode = FALSE
	EndGlobalSection
	GlobalSection(ExtensibilityGlobals) = postSolution
		SolutionGuid = {7601A705-81CB-4A3F-BA6B-5E793151673E}
	EndGlobalSection
EndGlobal
